
Microsoft Visual Studio Solution File, Format Version 12.00
# Visual Studio Version 17
VisualStudioVersion = 17.4.33122.133
MinimumVisualStudioVersion = 10.0.40219.1
Project("{FAE04EC0-301F-11D3-BF4B-00C04F79EFBC}") = "APPI", "APPI.csproj", "{775EBE07-D261-4A67-8892-567B4AD49065}"
EndProject
Global
	GlobalSection(SolutionConfigurationPlatforms) = preSolution
		Debug|Any CPU = Debug|Any CPU
		Release|Any CPU = Release|Any CPU
	EndGlobalSection
	GlobalSection(ProjectConfigurationPlatforms) = postSolution
		{775EBE07-D261-4A67-8892-567B4AD49065}.Debug|Any CPU.ActiveCfg = Debug|Any CPU
		{775EBE07-D261-4A67-8892-567B4AD49065}.Debug|Any CPU.Build.0 = Debug|Any CPU
		{775EBE07-D261-4A67-8892-567B4AD49065}.Release|Any CPU.ActiveCfg = Release|Any CPU
		{775EBE07-D261-4A67-8892-567B4AD49065}.Release|Any CPU.Build.0 = Release|Any CPU
	EndGlobalSection
	GlobalSection(SolutionProperties) = preSolution
		HideSolutionNode = FALSE
	EndGlobalSection
	GlobalSection(ExtensibilityGlobals) = postSolution
		SolutionGuid = {436E4187-0359-4717-917E-0C934A9ED400}
	EndGlobalSection
EndGlobal
